PODS:
  - Alamofire (5.4.3)
  - Differentiator (4.0.1)
  - FMDB (2.7.5):
    - FMDB/standard (= 2.7.5)
  - FMDB/standard (2.7.5)
  - MJRefresh (3.7.2)
  - Moya/Core (14.0.0):
    - Alamofire (~> 5.0)
  - Moya/RxSwift (14.0.0):
    - Moya/Core
    - RxSwift (~> 5.0)
  - "NSObject+Rx (5.1.0)":
    - RxSwift (~> 5.1)
  - ObjectMapper (4.2.0)
  - RxCocoa (5.1.3):
    - RxRelay (~> 5)
    - RxSwift (~> 5)
  - RxDataSources (4.0.1):
    - Differentiator (~> 4.0)
    - RxCocoa (~> 5.0)
    - RxSwift (~> 5.0)
  - RxRelay (5.1.3):
    - RxSwift (~> 5)
  - RxSwift (5.1.3)
  - SnapKit (5.0.1)
  - SVProgressHUD (2.2.5)
  - Then (2.7.0)
  - WPFoundation (0.6.10)

DEPENDENCIES:
  - FMDB
  - MJRefresh
  - Moya/RxSwift
  - "NSObject+Rx"
  - ObjectMapper
  - RxCocoa (~> 5)
  - RxDataSources (~> 4.0)
  - RxSwift (~> 5)
  - SnapKit
  - SVProgressHUD
  - Then
  - WPFoundation

SPEC REPOS:
  trunk:
    - Alamofire
    - Differentiator
    - FMDB
    - MJRefresh
    - Moya
    - "NSObject+Rx"
    - ObjectMapper
    - RxCocoa
    - RxDataSources
    - RxRelay
    - RxSwift
    - SnapKit
    - SVProgressHUD
    - Then
    - WPFoundation

SPEC CHECKSUMS:
  Alamofire: e447a2774a40c996748296fa2c55112fdbbc42f9
  Differentiator: 886080237d9f87f322641dedbc5be257061b0602
  FMDB: 2ce00b547f966261cd18927a3ddb07cb6f3db82a
  MJRefresh: 30997d30b347c8e9508a4db11e3a690da0c9b85a
  Moya: 5b45dacb75adb009f97fde91c204c1e565d31916
  "NSObject+Rx": fa6bbcc1ab1faa06b01466bc09b1e0692bbc5946
  ObjectMapper: 1eb41f610210777375fa806bf161dc39fb832b81
  RxCocoa: e2ed092d5432e4296aa818021d27de4090ac0354
  RxDataSources: efee07fa4de48477eca0a4611e6d11e2da9c1114
  RxRelay: 5a18c2eb2d68326ebaf0112f80d837ae41b92b97
  RxSwift: 915abbdfb62214aa89ccd0b194d44fb478019b27
  SnapKit: 97b92857e3df3a0c71833cce143274bf6ef8e5eb
  SVProgressHUD: 1428aafac632c1f86f62aa4243ec12008d7a51d6
  Then: acfe0be7e98221c6204e12f8161459606d5d822d
  WPFoundation: b6119242917b00ecabc2b0dce5e52f5c05cdbcf3

PODFILE CHECKSUM: d42c263f5a927a93162a7b1cfdd498b141e56ca7

COCOAPODS: 1.10.1
