// !$*UTF8*$!
{
	archiveVersion = 1;
	classes = {
	};
	objectVersion = 51;
	objects = {

/* Begin PBXBuildFile section */
		0A882F0E069CAF72CDD5A83B /* Pods_JourneyTest.framework in Frameworks */ = {isa = PBXBuildFile; fileRef = D3FBEDCAED2E698E19C839A1 /* Pods_JourneyTest.framework */; };
		A59ABAAC26DDEE5600D57ADA /* AppDelegate.swift in Sources */ = {isa = PBXBuildFile; fileRef = A59ABAAB26DDEE5600D57ADA /* AppDelegate.swift */; };
		A59ABAAE26DDEE5600D57ADA /* SceneDelegate.swift in Sources */ = {isa = PBXBuildFile; fileRef = A59ABAAD26DDEE5600D57ADA /* SceneDelegate.swift */; };
		A59ABAB526DDEE5600D57ADA /* Assets.xcassets in Resources */ = {isa = PBXBuildFile; fileRef = A59ABAB426DDEE5600D57ADA /* Assets.xcassets */; };
		A59ABAB826DDEE5600D57ADA /* LaunchScreen.storyboard in Resources */ = {isa = PBXBuildFile; fileRef = A59ABAB626DDEE5600D57ADA /* LaunchScreen.storyboard */; };
		A59ABAC326DDEE5700D57ADA /* JourneyTestTests.swift in Sources */ = {isa = PBXBuildFile; fileRef = A59ABAC226DDEE5700D57ADA /* JourneyTestTests.swift */; };
		A59ABACE26DDEE5700D57ADA /* JourneyTestUITests.swift in Sources */ = {isa = PBXBuildFile; fileRef = A59ABACD26DDEE5700D57ADA /* JourneyTestUITests.swift */; };
		A59ABB2F26DDF19B00D57ADA /* JTLayoutable.swift in Sources */ = {isa = PBXBuildFile; fileRef = A59ABB2E26DDF19B00D57ADA /* JTLayoutable.swift */; };
		A59ABB3726DDF1BC00D57ADA /* JTNavigationBarComponents.swift in Sources */ = {isa = PBXBuildFile; fileRef = A59ABB3626DDF1BC00D57ADA /* JTNavigationBarComponents.swift */; };
		A59ABB3C26DDF20800D57ADA /* JTHudViewable.swift in Sources */ = {isa = PBXBuildFile; fileRef = A59ABB3B26DDF20800D57ADA /* JTHudViewable.swift */; };
		A59ABB4126DDF22F00D57ADA /* JTReuseIdentifier.swift in Sources */ = {isa = PBXBuildFile; fileRef = A59ABB4026DDF22F00D57ADA /* JTReuseIdentifier.swift */; };
		A59ABB4626DDF28400D57ADA /* JTUITestKeys.swift in Sources */ = {isa = PBXBuildFile; fileRef = A59ABB4526DDF28400D57ADA /* JTUITestKeys.swift */; };
		A59ABB4726DDF28400D57ADA /* JTUITestKeys.swift in Sources */ = {isa = PBXBuildFile; fileRef = A59ABB4526DDF28400D57ADA /* JTUITestKeys.swift */; };
		A59ABB4C26DDF2B900D57ADA /* JTUtilKeys.swift in Sources */ = {isa = PBXBuildFile; fileRef = A59ABB4B26DDF2B900D57ADA /* JTUtilKeys.swift */; };
		A59ABB4D26DDF2B900D57ADA /* JTUtilKeys.swift in Sources */ = {isa = PBXBuildFile; fileRef = A59ABB4B26DDF2B900D57ADA /* JTUtilKeys.swift */; };
		A59ABB6F26DDF46C00D57ADA /* JTPostVC.swift in Sources */ = {isa = PBXBuildFile; fileRef = A59ABB6E26DDF46C00D57ADA /* JTPostVC.swift */; };
		A59ABB7726DDF47D00D57ADA /* JTDetailVC.swift in Sources */ = {isa = PBXBuildFile; fileRef = A59ABB7626DDF47D00D57ADA /* JTDetailVC.swift */; };
		A59ABB7C26DDF49300D57ADA /* JTPostViewModel.swift in Sources */ = {isa = PBXBuildFile; fileRef = A59ABB7B26DDF49300D57ADA /* JTPostViewModel.swift */; };
		A59ABB8126DDF4AA00D57ADA /* JTDetailViewModel.swift in Sources */ = {isa = PBXBuildFile; fileRef = A59ABB8026DDF4AA00D57ADA /* JTDetailViewModel.swift */; };
		A59ABB8926DDFC8800D57ADA /* SceneDelegateEx.swift in Sources */ = {isa = PBXBuildFile; fileRef = A59ABB8826DDFC8800D57ADA /* SceneDelegateEx.swift */; };
		A59ABB9126DE38F600D57ADA /* JTNetworkManager.swift in Sources */ = {isa = PBXBuildFile; fileRef = A59ABB9026DE38F600D57ADA /* JTNetworkManager.swift */; };
		A59ABB9926DE391B00D57ADA /* JTResponseObjectMapper.swift in Sources */ = {isa = PBXBuildFile; fileRef = A59ABB9826DE391B00D57ADA /* JTResponseObjectMapper.swift */; };
		A59ABB9E26DE392900D57ADA /* JTDataBaseManager.swift in Sources */ = {isa = PBXBuildFile; fileRef = A59ABB9D26DE392900D57ADA /* JTDataBaseManager.swift */; };
		A59ABBA326DE394800D57ADA /* JTRefreshStatus.swift in Sources */ = {isa = PBXBuildFile; fileRef = A59ABBA226DE394800D57ADA /* JTRefreshStatus.swift */; };
		A59ABBA826DE398C00D57ADA /* JTError.swift in Sources */ = {isa = PBXBuildFile; fileRef = A59ABBA726DE398C00D57ADA /* JTError.swift */; };
		A59ABBAD26DE39BC00D57ADA /* JTCellConstant.swift in Sources */ = {isa = PBXBuildFile; fileRef = A59ABBAC26DE39BC00D57ADA /* JTCellConstant.swift */; };
		A59ABBB226DE39CA00D57ADA /* JTViewModelType.swift in Sources */ = {isa = PBXBuildFile; fileRef = A59ABBB126DE39CA00D57ADA /* JTViewModelType.swift */; };
		A59ABBB726DE39D600D57ADA /* JTDataBasable.swift in Sources */ = {isa = PBXBuildFile; fileRef = A59ABBB626DE39D600D57ADA /* JTDataBasable.swift */; };
		A59ABBBC26DE39F200D57ADA /* JTModelResultSetable.swift in Sources */ = {isa = PBXBuildFile; fileRef = A59ABBBB26DE39F200D57ADA /* JTModelResultSetable.swift */; };
/* End PBXBuildFile section */

/* Begin PBXContainerItemProxy section */
		A59ABABF26DDEE5700D57ADA /* PBXContainerItemProxy */ = {
			isa = PBXContainerItemProxy;
			containerPortal = A59ABAA026DDEE5500D57ADA /* Project object */;
			proxyType = 1;
			remoteGlobalIDString = A59ABAA726DDEE5600D57ADA;
			remoteInfo = JourneyTest;
		};
		A59ABACA26DDEE5700D57ADA /* PBXContainerItemProxy */ = {
			isa = PBXContainerItemProxy;
			containerPortal = A59ABAA026DDEE5500D57ADA /* Project object */;
			proxyType = 1;
			remoteGlobalIDString = A59ABAA726DDEE5600D57ADA;
			remoteInfo = JourneyTest;
		};
/* End PBXContainerItemProxy section */

/* Begin PBXFileReference section */
		6EBEF6B0D1E0682AD70BCDB3 /* Pods-JourneyTest.debug.xcconfig */ = {isa = PBXFileReference; includeInIndex = 1; lastKnownFileType = text.xcconfig; name = "Pods-JourneyTest.debug.xcconfig"; path = "Target Support Files/Pods-JourneyTest/Pods-JourneyTest.debug.xcconfig"; sourceTree = "<group>"; };
		A59ABAA826DDEE5600D57ADA /* JourneyTest.app */ = {isa = PBXFileReference; explicitFileType = wrapper.application; includeInIndex = 0; path = JourneyTest.app; sourceTree = BUILT_PRODUCTS_DIR; };
		A59ABAAB26DDEE5600D57ADA /* AppDelegate.swift */ = {isa = PBXFileReference; lastKnownFileType = sourcecode.swift; path = AppDelegate.swift; sourceTree = "<group>"; };
		A59ABAAD26DDEE5600D57ADA /* SceneDelegate.swift */ = {isa = PBXFileReference; lastKnownFileType = sourcecode.swift; path = SceneDelegate.swift; sourceTree = "<group>"; };
		A59ABAB426DDEE5600D57ADA /* Assets.xcassets */ = {isa = PBXFileReference; lastKnownFileType = folder.assetcatalog; path = Assets.xcassets; sourceTree = "<group>"; };
		A59ABAB726DDEE5600D57ADA /* Base */ = {isa = PBXFileReference; lastKnownFileType = file.storyboard; name = Base; path = Base.lproj/LaunchScreen.storyboard; sourceTree = "<group>"; };
		A59ABAB926DDEE5600D57ADA /* Info.plist */ = {isa = PBXFileReference; lastKnownFileType = text.plist.xml; path = Info.plist; sourceTree = "<group>"; };
		A59ABABE26DDEE5700D57ADA /* JourneyTestTests.xctest */ = {isa = PBXFileReference; explicitFileType = wrapper.cfbundle; includeInIndex = 0; path = JourneyTestTests.xctest; sourceTree = BUILT_PRODUCTS_DIR; };
		A59ABAC226DDEE5700D57ADA /* JourneyTestTests.swift */ = {isa = PBXFileReference; lastKnownFileType = sourcecode.swift; path = JourneyTestTests.swift; sourceTree = "<group>"; };
		A59ABAC426DDEE5700D57ADA /* Info.plist */ = {isa = PBXFileReference; lastKnownFileType = text.plist.xml; path = Info.plist; sourceTree = "<group>"; };
		A59ABAC926DDEE5700D57ADA /* JourneyTestUITests.xctest */ = {isa = PBXFileReference; explicitFileType = wrapper.cfbundle; includeInIndex = 0; path = JourneyTestUITests.xctest; sourceTree = BUILT_PRODUCTS_DIR; };
		A59ABACD26DDEE5700D57ADA /* JourneyTestUITests.swift */ = {isa = PBXFileReference; lastKnownFileType = sourcecode.swift; path = JourneyTestUITests.swift; sourceTree = "<group>"; };
		A59ABACF26DDEE5700D57ADA /* Info.plist */ = {isa = PBXFileReference; lastKnownFileType = text.plist.xml; path = Info.plist; sourceTree = "<group>"; };
		A59ABB2E26DDF19B00D57ADA /* JTLayoutable.swift */ = {isa = PBXFileReference; lastKnownFileType = sourcecode.swift; path = JTLayoutable.swift; sourceTree = "<group>"; };
		A59ABB3626DDF1BC00D57ADA /* JTNavigationBarComponents.swift */ = {isa = PBXFileReference; lastKnownFileType = sourcecode.swift; path = JTNavigationBarComponents.swift; sourceTree = "<group>"; };
		A59ABB3B26DDF20800D57ADA /* JTHudViewable.swift */ = {isa = PBXFileReference; lastKnownFileType = sourcecode.swift; path = JTHudViewable.swift; sourceTree = "<group>"; };
		A59ABB4026DDF22F00D57ADA /* JTReuseIdentifier.swift */ = {isa = PBXFileReference; lastKnownFileType = sourcecode.swift; path = JTReuseIdentifier.swift; sourceTree = "<group>"; };
		A59ABB4526DDF28400D57ADA /* JTUITestKeys.swift */ = {isa = PBXFileReference; lastKnownFileType = sourcecode.swift; name = JTUITestKeys.swift; path = ../../../../Documents/JTUITestKeys.swift; sourceTree = "<group>"; };
		A59ABB4B26DDF2B900D57ADA /* JTUtilKeys.swift */ = {isa = PBXFileReference; lastKnownFileType = sourcecode.swift; path = JTUtilKeys.swift; sourceTree = "<group>"; };
		A59ABB6E26DDF46C00D57ADA /* JTPostVC.swift */ = {isa = PBXFileReference; lastKnownFileType = sourcecode.swift; path = JTPostVC.swift; sourceTree = "<group>"; };
		A59ABB7626DDF47D00D57ADA /* JTDetailVC.swift */ = {isa = PBXFileReference; lastKnownFileType = sourcecode.swift; path = JTDetailVC.swift; sourceTree = "<group>"; };
		A59ABB7B26DDF49300D57ADA /* JTPostViewModel.swift */ = {isa = PBXFileReference; lastKnownFileType = sourcecode.swift; path = JTPostViewModel.swift; sourceTree = "<group>"; };
		A59ABB8026DDF4AA00D57ADA /* JTDetailViewModel.swift */ = {isa = PBXFileReference; lastKnownFileType = sourcecode.swift; path = JTDetailViewModel.swift; sourceTree = "<group>"; };
		A59ABB8826DDFC8800D57ADA /* SceneDelegateEx.swift */ = {isa = PBXFileReference; lastKnownFileType = sourcecode.swift; path = SceneDelegateEx.swift; sourceTree = "<group>"; };
		A59ABB9026DE38F600D57ADA /* JTNetworkManager.swift */ = {isa = PBXFileReference; lastKnownFileType = sourcecode.swift; path = JTNetworkManager.swift; sourceTree = "<group>"; };
		A59ABB9826DE391B00D57ADA /* JTResponseObjectMapper.swift */ = {isa = PBXFileReference; lastKnownFileType = sourcecode.swift; path = JTResponseObjectMapper.swift; sourceTree = "<group>"; };
		A59ABB9D26DE392900D57ADA /* JTDataBaseManager.swift */ = {isa = PBXFileReference; lastKnownFileType = sourcecode.swift; path = JTDataBaseManager.swift; sourceTree = "<group>"; };
		A59ABBA226DE394800D57ADA /* JTRefreshStatus.swift */ = {isa = PBXFileReference; lastKnownFileType = sourcecode.swift; path = JTRefreshStatus.swift; sourceTree = "<group>"; };
		A59ABBA726DE398C00D57ADA /* JTError.swift */ = {isa = PBXFileReference; lastKnownFileType = sourcecode.swift; path = JTError.swift; sourceTree = "<group>"; };
		A59ABBAC26DE39BC00D57ADA /* JTCellConstant.swift */ = {isa = PBXFileReference; lastKnownFileType = sourcecode.swift; path = JTCellConstant.swift; sourceTree = "<group>"; };
		A59ABBB126DE39CA00D57ADA /* JTViewModelType.swift */ = {isa = PBXFileReference; lastKnownFileType = sourcecode.swift; path = JTViewModelType.swift; sourceTree = "<group>"; };
		A59ABBB626DE39D600D57ADA /* JTDataBasable.swift */ = {isa = PBXFileReference; lastKnownFileType = sourcecode.swift; path = JTDataBasable.swift; sourceTree = "<group>"; };
		A59ABBBB26DE39F200D57ADA /* JTModelResultSetable.swift */ = {isa = PBXFileReference; lastKnownFileType = sourcecode.swift; path = JTModelResultSetable.swift; sourceTree = "<group>"; };
		D3FBEDCAED2E698E19C839A1 /* Pods_JourneyTest.framework */ = {isa = PBXFileReference; explicitFileType = wrapper.framework; includeInIndex = 0; path = Pods_JourneyTest.framework; sourceTree = BUILT_PRODUCTS_DIR; };
		D7E47CEDD07E3288E8DFB409 /* Pods-JourneyTest.release.xcconfig */ = {isa = PBXFileReference; includeInIndex = 1; lastKnownFileType = text.xcconfig; name = "Pods-JourneyTest.release.xcconfig"; path = "Target Support Files/Pods-JourneyTest/Pods-JourneyTest.release.xcconfig"; sourceTree = "<group>"; };
/* End PBXFileReference section */

/* Begin PBXFrameworksBuildPhase section */
		A59ABAA526DDEE5600D57ADA /* Frameworks */ = {
			isa = PBXFrameworksBuildPhase;
			buildActionMask = 2147483647;
			files = (
				0A882F0E069CAF72CDD5A83B /* Pods_JourneyTest.framework in Frameworks */,
			);
			runOnlyForDeploymentPostprocessing = 0;
		};
		A59ABABB26DDEE5700D57ADA /* Frameworks */ = {
			isa = PBXFrameworksBuildPhase;
			buildActionMask = 2147483647;
			files = (
			);
			runOnlyForDeploymentPostprocessing = 0;
		};
		A59ABAC626DDEE5700D57ADA /* Frameworks */ = {
			isa = PBXFrameworksBuildPhase;
			buildActionMask = 2147483647;
			files = (
			);
			runOnlyForDeploymentPostprocessing = 0;
		};
/* End PBXFrameworksBuildPhase section */

/* Begin PBXGroup section */
		8846FABC410AF652D3911E7F /* Pods */ = {
			isa = PBXGroup;
			children = (
				6EBEF6B0D1E0682AD70BCDB3 /* Pods-JourneyTest.debug.xcconfig */,
				D7E47CEDD07E3288E8DFB409 /* Pods-JourneyTest.release.xcconfig */,
			);
			path = Pods;
			sourceTree = "<group>";
		};
		A59ABA9F26DDEE5500D57ADA = {
			isa = PBXGroup;
			children = (
				A59ABB2726DDEFB000D57ADA /* Classes */,
				A59ABAAA26DDEE5600D57ADA /* JourneyTest */,
				A59ABB2826DDEFB000D57ADA /* Utils */,
				A59ABAC126DDEE5700D57ADA /* JourneyTestTests */,
				A59ABACC26DDEE5700D57ADA /* JourneyTestUITests */,
				A59ABAA926DDEE5600D57ADA /* Products */,
				8846FABC410AF652D3911E7F /* Pods */,
				BEE2BEED1C311C553397B265 /* Frameworks */,
			);
			sourceTree = "<group>";
		};
		A59ABAA926DDEE5600D57ADA /* Products */ = {
			isa = PBXGroup;
			children = (
				A59ABAA826DDEE5600D57ADA /* JourneyTest.app */,
				A59ABABE26DDEE5700D57ADA /* JourneyTestTests.xctest */,
				A59ABAC926DDEE5700D57ADA /* JourneyTestUITests.xctest */,
			);
			name = Products;
			sourceTree = "<group>";
		};
		A59ABAAA26DDEE5600D57ADA /* JourneyTest */ = {
			isa = PBXGroup;
			children = (
				A59ABAAB26DDEE5600D57ADA /* AppDelegate.swift */,
				A59ABAAD26DDEE5600D57ADA /* SceneDelegate.swift */,
				A59ABB8826DDFC8800D57ADA /* SceneDelegateEx.swift */,
				A59ABAB426DDEE5600D57ADA /* Assets.xcassets */,
				A59ABAB626DDEE5600D57ADA /* LaunchScreen.storyboard */,
				A59ABAB926DDEE5600D57ADA /* Info.plist */,
			);
			path = JourneyTest;
			sourceTree = "<group>";
		};
		A59ABAC126DDEE5700D57ADA /* JourneyTestTests */ = {
			isa = PBXGroup;
			children = (
				A59ABAC226DDEE5700D57ADA /* JourneyTestTests.swift */,
				A59ABAC426DDEE5700D57ADA /* Info.plist */,
			);
			path = JourneyTestTests;
			sourceTree = "<group>";
		};
		A59ABACC26DDEE5700D57ADA /* JourneyTestUITests */ = {
			isa = PBXGroup;
			children = (
				A59ABACD26DDEE5700D57ADA /* JourneyTestUITests.swift */,
				A59ABACF26DDEE5700D57ADA /* Info.plist */,
			);
			path = JourneyTestUITests;
			sourceTree = "<group>";
		};
		A59ABB2726DDEFB000D57ADA /* Classes */ = {
			isa = PBXGroup;
			children = (
				A59ABB6C26DDF43D00D57ADA /* Posts */,
				A59ABB6D26DDF44E00D57ADA /* Details */,
			);
			path = Classes;
			sourceTree = "<group>";
		};
		A59ABB2826DDEFB000D57ADA /* Utils */ = {
			isa = PBXGroup;
			children = (
				A59ABB2D26DDF18200D57ADA /* Singletons */,
				A59ABB2A26DDF18200D57ADA /* Extensions */,
				A59ABB2C26DDF18200D57ADA /* Enums */,
				A59ABB2926DDF18200D57ADA /* Protocols */,
				A59ABB2B26DDF18200D57ADA /* Structs */,
			);
			path = Utils;
			sourceTree = "<group>";
		};
		A59ABB2926DDF18200D57ADA /* Protocols */ = {
			isa = PBXGroup;
			children = (
				A59ABB2E26DDF19B00D57ADA /* JTLayoutable.swift */,
				A59ABB3626DDF1BC00D57ADA /* JTNavigationBarComponents.swift */,
				A59ABB3B26DDF20800D57ADA /* JTHudViewable.swift */,
				A59ABB4026DDF22F00D57ADA /* JTReuseIdentifier.swift */,
				A59ABBAC26DE39BC00D57ADA /* JTCellConstant.swift */,
				A59ABBB126DE39CA00D57ADA /* JTViewModelType.swift */,
				A59ABBB626DE39D600D57ADA /* JTDataBasable.swift */,
				A59ABBBB26DE39F200D57ADA /* JTModelResultSetable.swift */,
			);
			path = Protocols;
			sourceTree = "<group>";
		};
		A59ABB2A26DDF18200D57ADA /* Extensions */ = {
			isa = PBXGroup;
			children = (
			);
			path = Extensions;
			sourceTree = "<group>";
		};
		A59ABB2B26DDF18200D57ADA /* Structs */ = {
			isa = PBXGroup;
			children = (
				A59ABB4526DDF28400D57ADA /* JTUITestKeys.swift */,
				A59ABB4B26DDF2B900D57ADA /* JTUtilKeys.swift */,
			);
			path = Structs;
			sourceTree = "<group>";
		};
		A59ABB2C26DDF18200D57ADA /* Enums */ = {
			isa = PBXGroup;
			children = (
				A59ABBA226DE394800D57ADA /* JTRefreshStatus.swift */,
				A59ABBA726DE398C00D57ADA /* JTError.swift */,
			);
			path = Enums;
			sourceTree = "<group>";
		};
		A59ABB2D26DDF18200D57ADA /* Singletons */ = {
			isa = PBXGroup;
			children = (
				A59ABB9026DE38F600D57ADA /* JTNetworkManager.swift */,
				A59ABB9826DE391B00D57ADA /* JTResponseObjectMapper.swift */,
				A59ABB9D26DE392900D57ADA /* JTDataBaseManager.swift */,
			);
			path = Singletons;
			sourceTree = "<group>";
		};
		A59ABB6C26DDF43D00D57ADA /* Posts */ = {
			isa = PBXGroup;
			children = (
				A59ABB6E26DDF46C00D57ADA /* JTPostVC.swift */,
				A59ABB7B26DDF49300D57ADA /* JTPostViewModel.swift */,
			);
			path = Posts;
			sourceTree = "<group>";
		};
		A59ABB6D26DDF44E00D57ADA /* Details */ = {
			isa = PBXGroup;
			children = (
				A59ABB7626DDF47D00D57ADA /* JTDetailVC.swift */,
				A59ABB8026DDF4AA00D57ADA /* JTDetailViewModel.swift */,
			);
			path = Details;
			sourceTree = "<group>";
		};
		BEE2BEED1C311C553397B265 /* Frameworks */ = {
			isa = PBXGroup;
			children = (
				D3FBEDCAED2E698E19C839A1 /* Pods_JourneyTest.framework */,
			);
			name = Frameworks;
			sourceTree = "<group>";
		};
/* End PBXGroup section */

/* Begin PBXNativeTarget section */
		A59ABAA726DDEE5600D57ADA /* JourneyTest */ = {
			isa = PBXNativeTarget;
			buildConfigurationList = A59ABAD226DDEE5700D57ADA /* Build configuration list for PBXNativeTarget "JourneyTest" */;
			buildPhases = (
				0F078FF5644147D85AFFDFB3 /* [CP] Check Pods Manifest.lock */,
				A59ABAA426DDEE5600D57ADA /* Sources */,
				A59ABAA526DDEE5600D57ADA /* Frameworks */,
				A59ABAA626DDEE5600D57ADA /* Resources */,
				3E07025ED9C4440E5CDEF8C4 /* [CP] Embed Pods Frameworks */,
			);
			buildRules = (
			);
			dependencies = (
			);
			name = JourneyTest;
			productName = JourneyTest;
			productReference = A59ABAA826DDEE5600D57ADA /* JourneyTest.app */;
			productType = "com.apple.product-type.application";
		};
		A59ABABD26DDEE5700D57ADA /* JourneyTestTests */ = {
			isa = PBXNativeTarget;
			buildConfigurationList = A59ABAD526DDEE5700D57ADA /* Build configuration list for PBXNativeTarget "JourneyTestTests" */;
			buildPhases = (
				A59ABABA26DDEE5700D57ADA /* Sources */,
				A59ABABB26DDEE5700D57ADA /* Frameworks */,
				A59ABABC26DDEE5700D57ADA /* Resources */,
			);
			buildRules = (
			);
			dependencies = (
				A59ABAC026DDEE5700D57ADA /* PBXTargetDependency */,
			);
			name = JourneyTestTests;
			productName = JourneyTestTests;
			productReference = A59ABABE26DDEE5700D57ADA /* JourneyTestTests.xctest */;
			productType = "com.apple.product-type.bundle.unit-test";
		};
		A59ABAC826DDEE5700D57ADA /* JourneyTestUITests */ = {
			isa = PBXNativeTarget;
			buildConfigurationList = A59ABAD826DDEE5700D57ADA /* Build configuration list for PBXNativeTarget "JourneyTestUITests" */;
			buildPhases = (
				A59ABAC526DDEE5700D57ADA /* Sources */,
				A59ABAC626DDEE5700D57ADA /* Frameworks */,
				A59ABAC726DDEE5700D57ADA /* Resources */,
			);
			buildRules = (
			);
			dependencies = (
				A59ABACB26DDEE5700D57ADA /* PBXTargetDependency */,
			);
			name = JourneyTestUITests;
			productName = JourneyTestUITests;
			productReference = A59ABAC926DDEE5700D57ADA /* JourneyTestUITests.xctest */;
			productType = "com.apple.product-type.bundle.ui-testing";
		};
/* End PBXNativeTarget section */

/* Begin PBXProject section */
		A59ABAA026DDEE5500D57ADA /* Project object */ = {
			isa = PBXProject;
			attributes = {
				LastSwiftUpdateCheck = 1230;
				LastUpgradeCheck = 1230;
				TargetAttributes = {
					A59ABAA726DDEE5600D57ADA = {
						CreatedOnToolsVersion = 12.3;
					};
					A59ABABD26DDEE5700D57ADA = {
						CreatedOnToolsVersion = 12.3;
						TestTargetID = A59ABAA726DDEE5600D57ADA;
					};
					A59ABAC826DDEE5700D57ADA = {
						CreatedOnToolsVersion = 12.3;
						TestTargetID = A59ABAA726DDEE5600D57ADA;
					};
				};
			};
			buildConfigurationList = A59ABAA326DDEE5500D57ADA /* Build configuration list for PBXProject "JourneyTest" */;
			compatibilityVersion = "Xcode 9.3";
			developmentRegion = en;
			hasScannedForEncodings = 0;
			knownRegions = (
				en,
				Base,
			);
			mainGroup = A59ABA9F26DDEE5500D57ADA;
			productRefGroup = A59ABAA926DDEE5600D57ADA /* Products */;
			projectDirPath = "";
			projectRoot = "";
			targets = (
				A59ABAA726DDEE5600D57ADA /* JourneyTest */,
				A59ABABD26DDEE5700D57ADA /* JourneyTestTests */,
				A59ABAC826DDEE5700D57ADA /* JourneyTestUITests */,
			);
		};
/* End PBXProject section */

/* Begin PBXResourcesBuildPhase section */
		A59ABAA626DDEE5600D57ADA /* Resources */ = {
			isa = PBXResourcesBuildPhase;
			buildActionMask = 2147483647;
			files = (
				A59ABAB826DDEE5600D57ADA /* LaunchScreen.storyboard in Resources */,
				A59ABAB526DDEE5600D57ADA /* Assets.xcassets in Resources */,
			);
			runOnlyForDeploymentPostprocessing = 0;
		};
		A59ABABC26DDEE5700D57ADA /* Resources */ = {
			isa = PBXResourcesBuildPhase;
			buildActionMask = 2147483647;
			files = (
			);
			runOnlyForDeploymentPostprocessing = 0;
		};
		A59ABAC726DDEE5700D57ADA /* Resources */ = {
			isa = PBXResourcesBuildPhase;
			buildActionMask = 2147483647;
			files = (
			);
			runOnlyForDeploymentPostprocessing = 0;
		};
/* End PBXResourcesBuildPhase section */

/* Begin PBXShellScriptBuildPhase section */
		0F078FF5644147D85AFFDFB3 /* [CP] Check Pods Manifest.lock */ = {
			isa = PBXShellScriptBuildPhase;
			buildActionMask = 2147483647;
			files = (
			);
			inputFileListPaths = (
			);
			inputPaths = (
				"${PODS_PODFILE_DIR_PATH}/Podfile.lock",
				"${PODS_ROOT}/Manifest.lock",
			);
			name = "[CP] Check Pods Manifest.lock";
			outputFileListPaths = (
			);
			outputPaths = (
				"$(DERIVED_FILE_DIR)/Pods-JourneyTest-checkManifestLockResult.txt",
			);
			runOnlyForDeploymentPostprocessing = 0;
			shellPath = /bin/sh;
			shellScript = "diff \"${PODS_PODFILE_DIR_PATH}/Podfile.lock\" \"${PODS_ROOT}/Manifest.lock\" > /dev/null\nif [ $? != 0 ] ; then\n    # print error to STDERR\n    echo \"error: The sandbox is not in sync with the Podfile.lock. Run 'pod install' or update your CocoaPods installation.\" >&2\n    exit 1\nfi\n# This output is used by Xcode 'outputs' to avoid re-running this script phase.\necho \"SUCCESS\" > \"${SCRIPT_OUTPUT_FILE_0}\"\n";
			showEnvVarsInLog = 0;
		};
		3E07025ED9C4440E5CDEF8C4 /* [CP] Embed Pods Frameworks */ = {
			isa = PBXShellScriptBuildPhase;
			buildActionMask = 2147483647;
			files = (
			);
			inputFileListPaths = (
				"${PODS_ROOT}/Target Support Files/Pods-JourneyTest/Pods-JourneyTest-frameworks-${CONFIGURATION}-input-files.xcfilelist",
			);
			name = "[CP] Embed Pods Frameworks";
			outputFileListPaths = (
				"${PODS_ROOT}/Target Support Files/Pods-JourneyTest/Pods-JourneyTest-frameworks-${CONFIGURATION}-output-files.xcfilelist",
			);
			runOnlyForDeploymentPostprocessing = 0;
			shellPath = /bin/sh;
			shellScript = "\"${PODS_ROOT}/Target Support Files/Pods-JourneyTest/Pods-JourneyTest-frameworks.sh\"\n";
			showEnvVarsInLog = 0;
		};
/* End PBXShellScriptBuildPhase section */

/* Begin PBXSourcesBuildPhase section */
		A59ABAA426DDEE5600D57ADA /* Sources */ = {
			isa = PBXSourcesBuildPhase;
			buildActionMask = 2147483647;
			files = (
				A59ABBB226DE39CA00D57ADA /* JTViewModelType.swift in Sources */,
				A59ABB9E26DE392900D57ADA /* JTDataBaseManager.swift in Sources */,
				A59ABB4C26DDF2B900D57ADA /* JTUtilKeys.swift in Sources */,
				A59ABBA826DE398C00D57ADA /* JTError.swift in Sources */,
				A59ABB4126DDF22F00D57ADA /* JTReuseIdentifier.swift in Sources */,
				A59ABBA326DE394800D57ADA /* JTRefreshStatus.swift in Sources */,
				A59ABB2F26DDF19B00D57ADA /* JTLayoutable.swift in Sources */,
				A59ABB7726DDF47D00D57ADA /* JTDetailVC.swift in Sources */,
				A59ABBAD26DE39BC00D57ADA /* JTCellConstant.swift in Sources */,
				A59ABB9926DE391B00D57ADA /* JTResponseObjectMapper.swift in Sources */,
				A59ABBB726DE39D600D57ADA /* JTDataBasable.swift in Sources */,
				A59ABBBC26DE39F200D57ADA /* JTModelResultSetable.swift in Sources */,
				A59ABB8926DDFC8800D57ADA /* SceneDelegateEx.swift in Sources */,
				A59ABB3C26DDF20800D57ADA /* JTHudViewable.swift in Sources */,
				A59ABB9126DE38F600D57ADA /* JTNetworkManager.swift in Sources */,
				A59ABAAC26DDEE5600D57ADA /* AppDelegate.swift in Sources */,
				A59ABB4626DDF28400D57ADA /* JTUITestKeys.swift in Sources */,
				A59ABB8126DDF4AA00D57ADA /* JTDetailViewModel.swift in Sources */,
				A59ABB3726DDF1BC00D57ADA /* JTNavigationBarComponents.swift in Sources */,
				A59ABAAE26DDEE5600D57ADA /* SceneDelegate.swift in Sources */,
				A59ABB6F26DDF46C00D57ADA /* JTPostVC.swift in Sources */,
				A59ABB7C26DDF49300D57ADA /* JTPostViewModel.swift in Sources */,
			);
			runOnlyForDeploymentPostprocessing = 0;
		};
		A59ABABA26DDEE5700D57ADA /* Sources */ = {
			isa = PBXSourcesBuildPhase;
			buildActionMask = 2147483647;
			files = (
				A59ABAC326DDEE5700D57ADA /* JourneyTestTests.swift in Sources */,
			);
			runOnlyForDeploymentPostprocessing = 0;
		};
		A59ABAC526DDEE5700D57ADA /* Sources */ = {
			isa = PBXSourcesBuildPhase;
			buildActionMask = 2147483647;
			files = (
				A59ABB4D26DDF2B900D57ADA /* JTUtilKeys.swift in Sources */,
				A59ABACE26DDEE5700D57ADA /* JourneyTestUITests.swift in Sources */,
				A59ABB4726DDF28400D57ADA /* JTUITestKeys.swift in Sources */,
			);
			runOnlyForDeploymentPostprocessing = 0;
		};
/* End PBXSourcesBuildPhase section */

/* Begin PBXTargetDependency section */
		A59ABAC026DDEE5700D57ADA /* PBXTargetDependency */ = {
			isa = PBXTargetDependency;
			target = A59ABAA726DDEE5600D57ADA /* JourneyTest */;
			targetProxy = A59ABABF26DDEE5700D57ADA /* PBXContainerItemProxy */;
		};
		A59ABACB26DDEE5700D57ADA /* PBXTargetDependency */ = {
			isa = PBXTargetDependency;
			target = A59ABAA726DDEE5600D57ADA /* JourneyTest */;
			targetProxy = A59ABACA26DDEE5700D57ADA /* PBXContainerItemProxy */;
		};
/* End PBXTargetDependency section */

/* Begin PBXVariantGroup section */
		A59ABAB626DDEE5600D57ADA /* LaunchScreen.storyboard */ = {
			isa = PBXVariantGroup;
			children = (
				A59ABAB726DDEE5600D57ADA /* Base */,
			);
			name = LaunchScreen.storyboard;
			sourceTree = "<group>";
		};
/* End PBXVariantGroup section */

/* Begin XCBuildConfiguration section */
		A59ABAD026DDEE5700D57ADA /* Debug */ = {
			isa = XCBuildConfiguration;
			buildSettings = {
				ALWAYS_SEARCH_USER_PATHS = NO;
				CLANG_ANALYZER_NONNULL = YES;
				CLANG_ANALYZER_NUMBER_OBJECT_CONVERSION = YES_AGGRESSIVE;
				CLANG_CXX_LANGUAGE_STANDARD = "gnu++14";
				CLANG_CXX_LIBRARY = "libc++";
				CLANG_ENABLE_MODULES = YES;
				CLANG_ENABLE_OBJC_ARC = YES;
				CLANG_ENABLE_OBJC_WEAK = YES;
				CLANG_WARN_BLOCK_CAPTURE_AUTORELEASING = YES;
				CLANG_WARN_BOOL_CONVERSION = YES;
				CLANG_WARN_COMMA = YES;
				CLANG_WARN_CONSTANT_CONVERSION = YES;
				CLANG_WARN_DEPRECATED_OBJC_IMPLEMENTATIONS = YES;
				CLANG_WARN_DIRECT_OBJC_ISA_USAGE = YES_ERROR;
				CLANG_WARN_DOCUMENTATION_COMMENTS = YES;
				CLANG_WARN_EMPTY_BODY = YES;
				CLANG_WARN_ENUM_CONVERSION = YES;
				CLANG_WARN_INFINITE_RECURSION = YES;
				CLANG_WARN_INT_CONVERSION = YES;
				CLANG_WARN_NON_LITERAL_NULL_CONVERSION = YES;
				CLANG_WARN_OBJC_IMPLICIT_RETAIN_SELF = YES;
				CLANG_WARN_OBJC_LITERAL_CONVERSION = YES;
				CLANG_WARN_OBJC_ROOT_CLASS = YES_ERROR;
				CLANG_WARN_QUOTED_INCLUDE_IN_FRAMEWORK_HEADER = YES;
				CLANG_WARN_RANGE_LOOP_ANALYSIS = YES;
				CLANG_WARN_STRICT_PROTOTYPES = YES;
				CLANG_WARN_SUSPICIOUS_MOVE = YES;
				CLANG_WARN_UNGUARDED_AVAILABILITY = YES_AGGRESSIVE;
				CLANG_WARN_UNREACHABLE_CODE = YES;
				CLANG_WARN__DUPLICATE_METHOD_MATCH = YES;
				COPY_PHASE_STRIP = NO;
				DEBUG_INFORMATION_FORMAT = dwarf;
				ENABLE_STRICT_OBJC_MSGSEND = YES;
				ENABLE_TESTABILITY = YES;
				GCC_C_LANGUAGE_STANDARD = gnu11;
				GCC_DYNAMIC_NO_PIC = NO;
				GCC_NO_COMMON_BLOCKS = YES;
				GCC_OPTIMIZATION_LEVEL = 0;
				GCC_PREPROCESSOR_DEFINITIONS = (
					"DEBUG=1",
					"$(inherited)",
				);
				GCC_WARN_64_TO_32_BIT_CONVERSION = YES;
				GCC_WARN_ABOUT_RETURN_TYPE = YES_ERROR;
				GCC_WARN_UNDECLARED_SELECTOR = YES;
				GCC_WARN_UNINITIALIZED_AUTOS = YES_AGGRESSIVE;
				GCC_WARN_UNUSED_FUNCTION = YES;
				GCC_WARN_UNUSED_VARIABLE = YES;
				IPHONEOS_DEPLOYMENT_TARGET = 14.3;
				MTL_ENABLE_DEBUG_INFO = INCLUDE_SOURCE;
				MTL_FAST_MATH = YES;
				ONLY_ACTIVE_ARCH = YES;
				SDKROOT = iphoneos;
				SWIFT_ACTIVE_COMPILATION_CONDITIONS = DEBUG;
				SWIFT_OPTIMIZATION_LEVEL = "-Onone";
			};
			name = Debug;
		};
		A59ABAD126DDEE5700D57ADA /* Release */ = {
			isa = XCBuildConfiguration;
			buildSettings = {
				ALWAYS_SEARCH_USER_PATHS = NO;
				CLANG_ANALYZER_NONNULL = YES;
				CLANG_ANALYZER_NUMBER_OBJECT_CONVERSION = YES_AGGRESSIVE;
				CLANG_CXX_LANGUAGE_STANDARD = "gnu++14";
				CLANG_CXX_LIBRARY = "libc++";
				CLANG_ENABLE_MODULES = YES;
				CLANG_ENABLE_OBJC_ARC = YES;
				CLANG_ENABLE_OBJC_WEAK = YES;
				CLANG_WARN_BLOCK_CAPTURE_AUTORELEASING = YES;
				CLANG_WARN_BOOL_CONVERSION = YES;
				CLANG_WARN_COMMA = YES;
				CLANG_WARN_CONSTANT_CONVERSION = YES;
				CLANG_WARN_DEPRECATED_OBJC_IMPLEMENTATIONS = YES;
				CLANG_WARN_DIRECT_OBJC_ISA_USAGE = YES_ERROR;
				CLANG_WARN_DOCUMENTATION_COMMENTS = YES;
				CLANG_WARN_EMPTY_BODY = YES;
				CLANG_WARN_ENUM_CONVERSION = YES;
				CLANG_WARN_INFINITE_RECURSION = YES;
				CLANG_WARN_INT_CONVERSION = YES;
				CLANG_WARN_NON_LITERAL_NULL_CONVERSION = YES;
				CLANG_WARN_OBJC_IMPLICIT_RETAIN_SELF = YES;
				CLANG_WARN_OBJC_LITERAL_CONVERSION = YES;
				CLANG_WARN_OBJC_ROOT_CLASS = YES_ERROR;
				CLANG_WARN_QUOTED_INCLUDE_IN_FRAMEWORK_HEADER = YES;
				CLANG_WARN_RANGE_LOOP_ANALYSIS = YES;
				CLANG_WARN_STRICT_PROTOTYPES = YES;
				CLANG_WARN_SUSPICIOUS_MOVE = YES;
				CLANG_WARN_UNGUARDED_AVAILABILITY = YES_AGGRESSIVE;
				CLANG_WARN_UNREACHABLE_CODE = YES;
				CLANG_WARN__DUPLICATE_METHOD_MATCH = YES;
				COPY_PHASE_STRIP = NO;
				DEBUG_INFORMATION_FORMAT = "dwarf-with-dsym";
				ENABLE_NS_ASSERTIONS = NO;
				ENABLE_STRICT_OBJC_MSGSEND = YES;
				GCC_C_LANGUAGE_STANDARD = gnu11;
				GCC_NO_COMMON_BLOCKS = YES;
				GCC_WARN_64_TO_32_BIT_CONVERSION = YES;
				GCC_WARN_ABOUT_RETURN_TYPE = YES_ERROR;
				GCC_WARN_UNDECLARED_SELECTOR = YES;
				GCC_WARN_UNINITIALIZED_AUTOS = YES_AGGRESSIVE;
				GCC_WARN_UNUSED_FUNCTION = YES;
				GCC_WARN_UNUSED_VARIABLE = YES;
				IPHONEOS_DEPLOYMENT_TARGET = 14.3;
				MTL_ENABLE_DEBUG_INFO = NO;
				MTL_FAST_MATH = YES;
				SDKROOT = iphoneos;
				SWIFT_COMPILATION_MODE = wholemodule;
				SWIFT_OPTIMIZATION_LEVEL = "-O";
				VALIDATE_PRODUCT = YES;
			};
			name = Release;
		};
		A59ABAD326DDEE5700D57ADA /* Debug */ = {
			isa = XCBuildConfiguration;
			baseConfigurationReference = 6EBEF6B0D1E0682AD70BCDB3 /* Pods-JourneyTest.debug.xcconfig */;
			buildSettings = {
				ASSETCATALOG_COMPILER_APPICON_NAME = AppIcon;
				ASSETCATALOG_COMPILER_GLOBAL_ACCENT_COLOR_NAME = AccentColor;
				CODE_SIGN_STYLE = Automatic;
				DEVELOPMENT_TEAM = LNGV69PYN4;
				INFOPLIST_FILE = JourneyTest/Info.plist;
				LD_RUNPATH_SEARCH_PATHS = (
					"$(inherited)",
					"@executable_path/Frameworks",
				);
				PRODUCT_BUNDLE_IDENTIFIER = com.alex.JourneyTest;
				PRODUCT_NAME = "$(TARGET_NAME)";
				SWIFT_VERSION = 5.0;
				TARGETED_DEVICE_FAMILY = "1,2";
			};
			name = Debug;
		};
		A59ABAD426DDEE5700D57ADA /* Release */ = {
			isa = XCBuildConfiguration;
			baseConfigurationReference = D7E47CEDD07E3288E8DFB409 /* Pods-JourneyTest.release.xcconfig */;
			buildSettings = {
				ASSETCATALOG_COMPILER_APPICON_NAME = AppIcon;
				ASSETCATALOG_COMPILER_GLOBAL_ACCENT_COLOR_NAME = AccentColor;
				CODE_SIGN_STYLE = Automatic;
				DEVELOPMENT_TEAM = LNGV69PYN4;
				INFOPLIST_FILE = JourneyTest/Info.plist;
				LD_RUNPATH_SEARCH_PATHS = (
					"$(inherited)",
					"@executable_path/Frameworks",
				);
				PRODUCT_BUNDLE_IDENTIFIER = com.alex.JourneyTest;
				PRODUCT_NAME = "$(TARGET_NAME)";
				SWIFT_VERSION = 5.0;
				TARGETED_DEVICE_FAMILY = "1,2";
			};
			name = Release;
		};
		A59ABAD626DDEE5700D57ADA /* Debug */ = {
			isa = XCBuildConfiguration;
			buildSettings = {
				ALWAYS_EMBED_SWIFT_STANDARD_LIBRARIES = YES;
				BUNDLE_LOADER = "$(TEST_HOST)";
				CODE_SIGN_STYLE = Automatic;
				INFOPLIST_FILE = JourneyTestTests/Info.plist;
				IPHONEOS_DEPLOYMENT_TARGET = 14.3;
				LD_RUNPATH_SEARCH_PATHS = (
					"$(inherited)",
					"@executable_path/Frameworks",
					"@loader_path/Frameworks",
				);
				PRODUCT_BUNDLE_IDENTIFIER = com.alex.JourneyTestTests;
				PRODUCT_NAME = "$(TARGET_NAME)";
				SWIFT_VERSION = 5.0;
				TARGETED_DEVICE_FAMILY = "1,2";
				TEST_HOST = "$(BUILT_PRODUCTS_DIR)/JourneyTest.app/JourneyTest";
			};
			name = Debug;
		};
		A59ABAD726DDEE5700D57ADA /* Release */ = {
			isa = XCBuildConfiguration;
			buildSettings = {
				ALWAYS_EMBED_SWIFT_STANDARD_LIBRARIES = YES;
				BUNDLE_LOADER = "$(TEST_HOST)";
				CODE_SIGN_STYLE = Automatic;
				INFOPLIST_FILE = JourneyTestTests/Info.plist;
				IPHONEOS_DEPLOYMENT_TARGET = 14.3;
				LD_RUNPATH_SEARCH_PATHS = (
					"$(inherited)",
					"@executable_path/Frameworks",
					"@loader_path/Frameworks",
				);
				PRODUCT_BUNDLE_IDENTIFIER = com.alex.JourneyTestTests;
				PRODUCT_NAME = "$(TARGET_NAME)";
				SWIFT_VERSION = 5.0;
				TARGETED_DEVICE_FAMILY = "1,2";
				TEST_HOST = "$(BUILT_PRODUCTS_DIR)/JourneyTest.app/JourneyTest";
			};
			name = Release;
		};
		A59ABAD926DDEE5700D57ADA /* Debug */ = {
			isa = XCBuildConfiguration;
			buildSettings = {
				ALWAYS_EMBED_SWIFT_STANDARD_LIBRARIES = YES;
				CODE_SIGN_STYLE = Automatic;
				INFOPLIST_FILE = JourneyTestUITests/Info.plist;
				LD_RUNPATH_SEARCH_PATHS = (
					"$(inherited)",
					"@executable_path/Frameworks",
					"@loader_path/Frameworks",
				);
				PRODUCT_BUNDLE_IDENTIFIER = com.alex.JourneyTestUITests;
				PRODUCT_NAME = "$(TARGET_NAME)";
				SWIFT_VERSION = 5.0;
				TARGETED_DEVICE_FAMILY = "1,2";
				TEST_TARGET_NAME = JourneyTest;
			};
			name = Debug;
		};
		A59ABADA26DDEE5700D57ADA /* Release */ = {
			isa = XCBuildConfiguration;
			buildSettings = {
				ALWAYS_EMBED_SWIFT_STANDARD_LIBRARIES = YES;
				CODE_SIGN_STYLE = Automatic;
				INFOPLIST_FILE = JourneyTestUITests/Info.plist;
				LD_RUNPATH_SEARCH_PATHS = (
					"$(inherited)",
					"@executable_path/Frameworks",
					"@loader_path/Frameworks",
				);
				PRODUCT_BUNDLE_IDENTIFIER = com.alex.JourneyTestUITests;
				PRODUCT_NAME = "$(TARGET_NAME)";
				SWIFT_VERSION = 5.0;
				TARGETED_DEVICE_FAMILY = "1,2";
				TEST_TARGET_NAME = JourneyTest;
			};
			name = Release;
		};
/* End XCBuildConfiguration section */

/* Begin XCConfigurationList section */
		A59ABAA326DDEE5500D57ADA /* Build configuration list for PBXProject "JourneyTest" */ = {
			isa = XCConfigurationList;
			buildConfigurations = (
				A59ABAD026DDEE5700D57ADA /* Debug */,
				A59ABAD126DDEE5700D57ADA /* Release */,
			);
			defaultConfigurationIsVisible = 0;
			defaultConfigurationName = Release;
		};
		A59ABAD226DDEE5700D57ADA /* Build configuration list for PBXNativeTarget "JourneyTest" */ = {
			isa = XCConfigurationList;
			buildConfigurations = (
				A59ABAD326DDEE5700D57ADA /* Debug */,
				A59ABAD426DDEE5700D57ADA /* Release */,
			);
			defaultConfigurationIsVisible = 0;
			defaultConfigurationName = Release;
		};
		A59ABAD526DDEE5700D57ADA /* Build configuration list for PBXNativeTarget "JourneyTestTests" */ = {
			isa = XCConfigurationList;
			buildConfigurations = (
				A59ABAD626DDEE5700D57ADA /* Debug */,
				A59ABAD726DDEE5700D57ADA /* Release */,
			);
			defaultConfigurationIsVisible = 0;
			defaultConfigurationName = Release;
		};
		A59ABAD826DDEE5700D57ADA /* Build configuration list for PBXNativeTarget "JourneyTestUITests" */ = {
			isa = XCConfigurationList;
			buildConfigurations = (
				A59ABAD926DDEE5700D57ADA /* Debug */,
				A59ABADA26DDEE5700D57ADA /* Release */,
			);
			defaultConfigurationIsVisible = 0;
			defaultConfigurationName = Release;
		};
/* End XCConfigurationList section */
	};
	rootObject = A59ABAA026DDEE5500D57ADA /* Project object */;
}
